<?xml version="1.0" encoding="utf-8"?>
<Project ToolsVersion="4.0" xmlns="http://schemas.microsoft.com/developer/msbuild/2003">
  <ItemGroup>
    <None Include="..\..\..\..\..\Downloads\Triangle\Triangle\Triangle.vcxproj" />
    <None Include="..\..\..\..\..\Downloads\Triangle\Triangle\Triangle.vcxproj.filters" />
    <None Include="..\..\..\..\..\Downloads\Triangle\Triangle\Triangle.vcxproj.user" />
    <None Include="Notater.txt" />
  </ItemGroup>
  <ItemGroup>
    <Filter Include="Header files">
      <UniqueIdentifier>{9575399f-3387-46c2-84a1-94b36d65b578}</UniqueIdentifier>
    </Filter>
    <Filter Include="Source files">
      <UniqueIdentifier>{1c561267-e135-4385-b11f-9166a3a4f6b0}</UniqueIdentifier>
    </Filter>
    <Filter Include="Header files\States">
      <UniqueIdentifier>{fc899310-c68a-4899-a78d-a239d429ddb2}</UniqueIdentifier>
    </Filter>
    <Filter Include="Header files\States\Base">
      <UniqueIdentifier>{69c1a33c-eefe-445e-b00c-069d4f943736}</UniqueIdentifier>
    </Filter>
    <Filter Include="Source files\States">
      <UniqueIdentifier>{9f5da1fe-ad0c-4793-8649-12841db7924a}</UniqueIdentifier>
    </Filter>
    <Filter Include="Header files\Engine">
      <UniqueIdentifier>{46f65a78-d435-4cd9-9df6-0a8c547a2ae7}</UniqueIdentifier>
    </Filter>
    <Filter Include="Source files\Engine">
      <UniqueIdentifier>{55c938f4-dc2b-4d21-a1a6-736726cfe6b3}</UniqueIdentifier>
    </Filter>
    <Filter Include="Header files\Menu">
      <UniqueIdentifier>{383f5301-ae17-4e85-ac35-61f952f54d90}</UniqueIdentifier>
    </Filter>
    <Filter Include="Source files\Menu">
      <UniqueIdentifier>{8511e42b-7a5a-4c23-904b-8c9f1e7714c8}</UniqueIdentifier>
    </Filter>
    <Filter Include="Source files\Objects">
      <UniqueIdentifier>{91cb33cb-1c0a-440f-9d63-27cf9361e6e4}</UniqueIdentifier>
    </Filter>
    <Filter Include="Source files\Menu\Elements">
      <UniqueIdentifier>{3624649d-7cee-44a0-9878-312d33fc92f7}</UniqueIdentifier>
    </Filter>
    <Filter Include="Header files\Engine\Resources">
      <UniqueIdentifier>{e31a959a-74de-483c-b141-65bef799d531}</UniqueIdentifier>
    </Filter>
    <Filter Include="Source files\Engine\Resources">
      <UniqueIdentifier>{1611eaa0-2db8-48e4-895b-42b469925784}</UniqueIdentifier>
    </Filter>
    <Filter Include="Source files\Engine\Libraries">
      <UniqueIdentifier>{11ba20fa-3bbf-4580-a39f-23beca01586e}</UniqueIdentifier>
    </Filter>
    <Filter Include="Header files\Engine\Libraries">
      <UniqueIdentifier>{9e59737c-5cf6-4442-861a-9bab26e05f7c}</UniqueIdentifier>
    </Filter>
    <Filter Include="Header files\Menu\Elements">
      <UniqueIdentifier>{e8e057f6-ecc2-4ade-8f97-dcae0f5a6cfa}</UniqueIdentifier>
    </Filter>
    <Filter Include="Header files\Menu\Elements\Base">
      <UniqueIdentifier>{a02e5c90-66e7-40db-a248-9ef982e9e7a8}</UniqueIdentifier>
    </Filter>
    <Filter Include="Source files\Menu\Elements\Base">
      <UniqueIdentifier>{627a74d5-7180-492b-be6f-f7c4c210c2c0}</UniqueIdentifier>
    </Filter>
  </ItemGroup>
  <ItemGroup>
    <ClCompile Include="MenuState.cpp">
      <Filter>Source files\States</Filter>
    </ClCompile>
    <ClCompile Include="GameEngine.cpp">
      <Filter>Source files\Engine</Filter>
    </ClCompile>
    <ClCompile Include="Main.cpp">
      <Filter>Source files</Filter>
    </ClCompile>
    <ClCompile Include="Context.cpp">
      <Filter>Source files\Engine</Filter>
    </ClCompile>
    <ClCompile Include="MenuSystem.cpp">
      <Filter>Source files\Menu</Filter>
    </ClCompile>
    <ClCompile Include="Input.cpp">
      <Filter>Source files\Engine</Filter>
    </ClCompile>
    <ClCompile Include="GameState.cpp">
      <Filter>Source files\States</Filter>
    </ClCompile>
    <ClCompile Include="Menu.cpp">
      <Filter>Source files\Menu</Filter>
    </ClCompile>
    <ClCompile Include="RenderTarget.cpp">
      <Filter>Source files\Engine</Filter>
    </ClCompile>
    <ClCompile Include="Player.cpp">
      <Filter>Source files\Objects</Filter>
    </ClCompile>
    <ClCompile Include="Vec2.cpp">
      <Filter>Source files\Engine</Filter>
    </ClCompile>
    <ClCompile Include="Box.cpp">
      <Filter>Source files\Menu\Elements</Filter>
    </ClCompile>
    <ClCompile Include="Button.cpp">
      <Filter>Source files\Menu\Elements</Filter>
    </ClCompile>
    <ClCompile Include="Slider.cpp">
      <Filter>Source files\Menu\Elements</Filter>
    </ClCompile>
    <ClCompile Include="SliderRange.cpp">
      <Filter>Source files\Menu\Elements</Filter>
    </ClCompile>
    <ClCompile Include="Color.cpp">
      <Filter>Source files\Engine</Filter>
    </ClCompile>
    <ClCompile Include="StateManager.cpp">
      <Filter>Source files\Engine</Filter>
    </ClCompile>
    <ClCompile Include="Font.cpp">
      <Filter>Source files\Engine\Resources</Filter>
    </ClCompile>
    <ClCompile Include="Sprite.cpp">
      <Filter>Source files\Engine\Resources</Filter>
    </ClCompile>
    <ClCompile Include="ResourceManager.cpp">
      <Filter>Source files\Engine</Filter>
    </ClCompile>
    <ClCompile Include="Vec4.cpp">
      <Filter>Source files\Engine</Filter>
    </ClCompile>
    <ClCompile Include="DevIL.cpp">
      <Filter>Source files\Engine\Libraries</Filter>
    </ClCompile>
    <ClCompile Include="FreeType.cpp">
      <Filter>Source files\Engine\Libraries</Filter>
    </ClCompile>
    <ClCompile Include="TinyThread\tinythread.cpp">
      <Filter>Source files\Engine\Libraries</Filter>
    </ClCompile>
    <ClCompile Include="ContentBox.cpp">
      <Filter>Source files\Menu\Elements</Filter>
    </ClCompile>
    <ClCompile Include="MenuItem.cpp">
      <Filter>Source files\Menu\Elements\Base</Filter>
    </ClCompile>
    <ClCompile Include="BlendtestState.cpp">
      <Filter>Source files\States</Filter>
    </ClCompile>
    <ClCompile Include="ShaderManager.cpp">
      <Filter>Source files\Engine</Filter>
    </ClCompile>
    <ClCompile Include="Dropdown.cpp">
      <Filter>Source files\Menu\Elements</Filter>
    </ClCompile>
    <ClCompile Include="InputField.cpp">
      <Filter>Source files\Menu\Elements</Filter>
    </ClCompile>
    <ClCompile Include="Text.cpp">
      <Filter>Source files\Menu\Elements</Filter>
    </ClCompile>
    <ClCompile Include="Checkbox.cpp">
      <Filter>Source files\Menu\Elements</Filter>
    </ClCompile>
    <ClCompile Include="RadioBox.cpp">
      <Filter>Source files\Menu\Elements</Filter>
    </ClCompile>
  </ItemGroup>
  <ItemGroup>
    <ClInclude Include="MenuState.h">
      <Filter>Header files\States</Filter>
    </ClInclude>
    <ClInclude Include="Helper.h">
      <Filter>Header files\Engine</Filter>
    </ClInclude>
    <ClInclude Include="GameEngine.h">
      <Filter>Header files\Engine</Filter>
    </ClInclude>
    <ClInclude Include="Context.h">
      <Filter>Header files\Engine</Filter>
    </ClInclude>
    <ClInclude Include="MenuSystem.h">
      <Filter>Header files\Menu</Filter>
    </ClInclude>
    <ClInclude Include="Input.h">
      <Filter>Header files\Engine</Filter>
    </ClInclude>
    <ClInclude Include="State.h">
      <Filter>Header files\States\Base</Filter>
    </ClInclude>
    <ClInclude Include="GameState.h">
      <Filter>Header files\States</Filter>
    </ClInclude>
    <ClInclude Include="Player.h">
      <Filter>Header files</Filter>
    </ClInclude>
    <ClInclude Include="Menu.h">
      <Filter>Header files\Menu</Filter>
    </ClInclude>
    <ClInclude Include="RenderTarget.h">
      <Filter>Header files\Engine</Filter>
    </ClInclude>
    <ClInclude Include="Vec2.h">
      <Filter>Header files\Engine</Filter>
    </ClInclude>
    <ClInclude Include="ErrorHandler.h">
      <Filter>Header files\Engine</Filter>
    </ClInclude>
    <ClInclude Include="Color.h">
      <Filter>Header files\Engine</Filter>
    </ClInclude>
    <ClInclude Include="StateManager.h">
      <Filter>Header files\Engine</Filter>
    </ClInclude>
    <ClInclude Include="Font.h">
      <Filter>Header files\Engine\Resources</Filter>
    </ClInclude>
    <ClInclude Include="Sprite.h">
      <Filter>Header files\Engine\Resources</Filter>
    </ClInclude>
    <ClInclude Include="ResourceManager.h">
      <Filter>Header files\Engine</Filter>
    </ClInclude>
    <ClInclude Include="Vec4.h">
      <Filter>Header files\Engine</Filter>
    </ClInclude>
    <ClInclude Include="DevIL.h">
      <Filter>Header files\Engine\Libraries</Filter>
    </ClInclude>
    <ClInclude Include="FreeType.h">
      <Filter>Header files\Engine\Libraries</Filter>
    </ClInclude>
    <ClInclude Include="Box.h">
      <Filter>Header files\Menu\Elements</Filter>
    </ClInclude>
    <ClInclude Include="Button.h">
      <Filter>Header files\Menu\Elements</Filter>
    </ClInclude>
    <ClInclude Include="Slider.h">
      <Filter>Header files\Menu\Elements</Filter>
    </ClInclude>
    <ClInclude Include="SliderRange.h">
      <Filter>Header files\Menu\Elements</Filter>
    </ClInclude>
    <ClInclude Include="MenuItem.h">
      <Filter>Header files\Menu\Elements\Base</Filter>
    </ClInclude>
    <ClInclude Include="ContentBox.h">
      <Filter>Header files\Menu\Elements</Filter>
    </ClInclude>
    <ClInclude Include="BlendtestState.h">
      <Filter>Header files\States</Filter>
    </ClInclude>
    <ClInclude Include="ShaderManager.h">
      <Filter>Header files\Engine</Filter>
    </ClInclude>
    <ClInclude Include="GLFW.h">
      <Filter>Header files\Engine\Libraries</Filter>
    </ClInclude>
    <ClInclude Include="Dropdown.h">
      <Filter>Header files\Menu\Elements</Filter>
    </ClInclude>
    <ClInclude Include="InputField.h">
      <Filter>Header files\Menu\Elements</Filter>
    </ClInclude>
    <ClInclude Include="Text.h">
      <Filter>Header files\Menu\Elements</Filter>
    </ClInclude>
    <ClInclude Include="Checkbox.h">
      <Filter>Header files\Menu\Elements</Filter>
    </ClInclude>
    <ClInclude Include="RadioBox.h">
      <Filter>Header files\Menu\Elements</Filter>
    </ClInclude>
  </ItemGroup>
</Project>